// !$*UTF8*$!
{
	archiveVersion = 1;
	classes = {
	};
	objectVersion = 56;
	objects = {

/* Begin PBXBuildFile section */
		1C032EB72BE6A30500A9775B /* GS+AddUpdaters.swift in Sources */ = {isa = PBXBuildFile; fileRef = 1C032EB62BE6A30500A9775B /* GS+AddUpdaters.swift */; };
		1C032EB92BE6A31F00A9775B /* GS+ContactDelegate.swift in Sources */ = {isa = PBXBuildFile; fileRef = 1C032EB82BE6A31F00A9775B /* GS+ContactDelegate.swift */; };
		1C032EBB2BE6A33100A9775B /* GS+DidMove.swift in Sources */ = {isa = PBXBuildFile; fileRef = 1C032EBA2BE6A33100A9775B /* GS+DidMove.swift */; };
		1C032EBE2BE6A38F00A9775B /* Layers.swift in Sources */ = {isa = PBXBuildFile; fileRef = 1C032EBD2BE6A38F00A9775B /* Layers.swift */; };
		1C032EC02BE6A39700A9775B /* Textures.swift in Sources */ = {isa = PBXBuildFile; fileRef = 1C032EBF2BE6A39700A9775B /* Textures.swift */; };
		1C032EC22BE6A3AA00A9775B /* PhysicsCategory.swift in Sources */ = {isa = PBXBuildFile; fileRef = 1C032EC12BE6A3AA00A9775B /* PhysicsCategory.swift */; };
		1C8564DF2BE8134D00051EA2 /* PollutionNode.swift in Sources */ = {isa = PBXBuildFile; fileRef = 1C8564DE2BE8134D00051EA2 /* PollutionNode.swift */; };
		1C8564E22BE8138100051EA2 /* GS+Pollution.swift in Sources */ = {isa = PBXBuildFile; fileRef = 1C8564E12BE8138100051EA2 /* GS+Pollution.swift */; };
		1C8564E42BE82D5100051EA2 /* EnemyTypes.swift in Sources */ = {isa = PBXBuildFile; fileRef = 1C8564E32BE82D5100051EA2 /* EnemyTypes.swift */; };
		1C8564E72BE854BA00051EA2 /* Pollution.sks in Resources */ = {isa = PBXBuildFile; fileRef = 1C8564E52BE854BA00051EA2 /* Pollution.sks */; };
		1C8564E82BE854BA00051EA2 /* Assets.xcassets in Resources */ = {isa = PBXBuildFile; fileRef = 1C8564E62BE854BA00051EA2 /* Assets.xcassets */; };
		1C8564EE2BE869D500051EA2 /* PollenTrail.sks in Resources */ = {isa = PBXBuildFile; fileRef = 1C8564ED2BE869D500051EA2 /* PollenTrail.sks */; };
		1CA4FD442BE7FF77001FF87E /* GS+AddBoundaries.swift in Sources */ = {isa = PBXBuildFile; fileRef = 1CA4FD432BE7FF77001FF87E /* GS+AddBoundaries.swift */; };
		23B0DBEF2BE730140089CFAF /* GameCenterView.swift in Sources */ = {isa = PBXBuildFile; fileRef = 23B0DBEE2BE730140089CFAF /* GameCenterView.swift */; };
		23B9A0FE2BE6F2DF00F4E5A0 /* PauseMenuView.swift in Sources */ = {isa = PBXBuildFile; fileRef = 23B9A0FD2BE6F2DF00F4E5A0 /* PauseMenuView.swift */; };
		23C1158D2BE8544000922780 /* CustomButton.swift in Sources */ = {isa = PBXBuildFile; fileRef = 23C1158C2BE8544000922780 /* CustomButton.swift */; };
		23C1158F2BE8545A00922780 /* CreditsView.swift in Sources */ = {isa = PBXBuildFile; fileRef = 23C1158E2BE8545A00922780 /* CreditsView.swift */; };
		23C115912BE8580300922780 /* MusicController.swift in Sources */ = {isa = PBXBuildFile; fileRef = 23C115902BE8580300922780 /* MusicController.swift */; };
		23C115942BE8589100922780 /* MusicGameCard.swift in Sources */ = {isa = PBXBuildFile; fileRef = 23C115932BE8589100922780 /* MusicGameCard.swift */; };
		318A81FB2BE6FE61006A6E32 /* TreeNode.swift in Sources */ = {isa = PBXBuildFile; fileRef = 318A81FA2BE6FE61006A6E32 /* TreeNode.swift */; };
		318A81FD2BE6FFA8006A6E32 /* GS+Tree.swift in Sources */ = {isa = PBXBuildFile; fileRef = 318A81FC2BE6FFA8006A6E32 /* GS+Tree.swift */; };
		318A81FF2BE84A94006A6E32 /* EndGameView.swift in Sources */ = {isa = PBXBuildFile; fileRef = 318A81FE2BE84A93006A6E32 /* EndGameView.swift */; };
		7B38A17B2BE5C33D00B4A99C /* AcademyGameJamApp.swift in Sources */ = {isa = PBXBuildFile; fileRef = 7B38A17A2BE5C33D00B4A99C /* AcademyGameJamApp.swift */; };
		7B38A17F2BE5C33E00B4A99C /* Assets.xcassets in Resources */ = {isa = PBXBuildFile; fileRef = 7B38A17E2BE5C33E00B4A99C /* Assets.xcassets */; };
		7B38A1822BE5C33E00B4A99C /* Preview Assets.xcassets in Resources */ = {isa = PBXBuildFile; fileRef = 7B38A1812BE5C33E00B4A99C /* Preview Assets.xcassets */; };
		7B38A1942BE5C36200B4A99C /* Player.swift in Sources */ = {isa = PBXBuildFile; fileRef = 7B38A18A2BE5C36200B4A99C /* Player.swift */; };
		7B38A1962BE5C36200B4A99C /* GameView.swift in Sources */ = {isa = PBXBuildFile; fileRef = 7B38A18D2BE5C36200B4A99C /* GameView.swift */; };
		7B38A1982BE5C36200B4A99C /* GS+VirtualControllers.swift in Sources */ = {isa = PBXBuildFile; fileRef = 7B38A18F2BE5C36200B4A99C /* GS+VirtualControllers.swift */; };
		7B38A1992BE5C36200B4A99C /* GameScene.swift in Sources */ = {isa = PBXBuildFile; fileRef = 7B38A1902BE5C36200B4A99C /* GameScene.swift */; };
		A72134EC2BE7490D003362B1 /* ProgressBarNode.swift in Sources */ = {isa = PBXBuildFile; fileRef = A72134EB2BE7490D003362B1 /* ProgressBarNode.swift */; };
		A72134EF2BE75995003362B1 /* Interactable.swift in Sources */ = {isa = PBXBuildFile; fileRef = A72134EE2BE75995003362B1 /* Interactable.swift */; };
		A72134F32BE75B7F003362B1 /* Sizeable.swift in Sources */ = {isa = PBXBuildFile; fileRef = A72134F22BE75B7F003362B1 /* Sizeable.swift */; };
		A72134F52BE768DE003362B1 /* PollenDelegate.swift in Sources */ = {isa = PBXBuildFile; fileRef = A72134F42BE768DE003362B1 /* PollenDelegate.swift */; };
		A72134F72BE7694B003362B1 /* GS+PollenDelegate.swift in Sources */ = {isa = PBXBuildFile; fileRef = A72134F62BE7694B003362B1 /* GS+PollenDelegate.swift */; };
		A7479F6B2BF2B64100FF9CFB /* CGPoint+Hashable.swift in Sources */ = {isa = PBXBuildFile; fileRef = A7479F6A2BF2B64100FF9CFB /* CGPoint+Hashable.swift */; };
		A7479F6D2BF2BDFF00FF9CFB /* Dirt.sks in Resources */ = {isa = PBXBuildFile; fileRef = A7479F6C2BF2BDFF00FF9CFB /* Dirt.sks */; };
		A75A14E12BE6FFD800033D5C /* GS+Interactions.swift in Sources */ = {isa = PBXBuildFile; fileRef = A75A14E02BE6FFD800033D5C /* GS+Interactions.swift */; };
		A76F54762BEB343F00AF6982 /* PlayerDelegate.swift in Sources */ = {isa = PBXBuildFile; fileRef = A76F54752BEB343F00AF6982 /* PlayerDelegate.swift */; };
		A76F54782BEB368200AF6982 /* Player+Animation.swift in Sources */ = {isa = PBXBuildFile; fileRef = A76F54772BEB368200AF6982 /* Player+Animation.swift */; };
		A76F547A2BEB399C00AF6982 /* GS+Player.swift in Sources */ = {isa = PBXBuildFile; fileRef = A76F54792BEB399C00AF6982 /* GS+Player.swift */; };
		A776BC9C2BE86B5100A15102 /* backgroundmusic.mp3 in Resources */ = {isa = PBXBuildFile; fileRef = A776BC9B2BE86B5100A15102 /* backgroundmusic.mp3 */; };
		A776BC9E2BE86DC700A15102 /* MainMenuView.swift in Sources */ = {isa = PBXBuildFile; fileRef = A776BC9D2BE86DC700A15102 /* MainMenuView.swift */; };
		A786C8EF2BEB0E8000A6A28E /* CGPoint+Vector.swift in Sources */ = {isa = PBXBuildFile; fileRef = A786C8EE2BEB0E8000A6A28E /* CGPoint+Vector.swift */; };
		A786C8F22BEB0EDE00A6A28E /* Utility.swift in Sources */ = {isa = PBXBuildFile; fileRef = A786C8F12BEB0EDE00A6A28E /* Utility.swift */; };
		A79BCD8E2BE7F0C800C2B4ED /* TileNode.swift in Sources */ = {isa = PBXBuildFile; fileRef = A79BCD8D2BE7F0C800C2B4ED /* TileNode.swift */; };
		A79BCD912BE7F4F200C2B4ED /* UIColor+RGBA.swift in Sources */ = {isa = PBXBuildFile; fileRef = A79BCD902BE7F4F200C2B4ED /* UIColor+RGBA.swift */; };
		A79BCD932BE8172200C2B4ED /* GS+Score.swift in Sources */ = {isa = PBXBuildFile; fileRef = A79BCD922BE8172200C2B4ED /* GS+Score.swift */; };
		A7B2858B2BEB320A00EDB4F5 /* GS+PlayerDelegate.swift in Sources */ = {isa = PBXBuildFile; fileRef = A7B2858A2BEB320A00EDB4F5 /* GS+PlayerDelegate.swift */; };
		A7D5F4C82BEB11FB00336F1A /* GS+Flow.swift in Sources */ = {isa = PBXBuildFile; fileRef = A7D5F4C72BEB11FB00336F1A /* GS+Flow.swift */; };
		A7D5F4CA2BEB14AA00336F1A /* SettingsView.swift in Sources */ = {isa = PBXBuildFile; fileRef = A7D5F4C92BEB14AA00336F1A /* SettingsView.swift */; };
		A7D5F4D12BEB1BCA00336F1A /* HashableBinding.swift in Sources */ = {isa = PBXBuildFile; fileRef = A7D5F4CB2BEB1BCA00336F1A /* HashableBinding.swift */; };
		A7D5F4D22BEB1BCA00336F1A /* Route.swift in Sources */ = {isa = PBXBuildFile; fileRef = A7D5F4CC2BEB1BCA00336F1A /* Route.swift */; };
		A7D5F4D32BEB1BCA00336F1A /* Router.swift in Sources */ = {isa = PBXBuildFile; fileRef = A7D5F4CD2BEB1BCA00336F1A /* Router.swift */; };
		A7D5F4D42BEB1BCA00336F1A /* RouterView.swift in Sources */ = {isa = PBXBuildFile; fileRef = A7D5F4CF2BEB1BCA00336F1A /* RouterView.swift */; };
		A7D5F4D62BEB1BEC00336F1A /* Routes.swift in Sources */ = {isa = PBXBuildFile; fileRef = A7D5F4D52BEB1BEC00336F1A /* Routes.swift */; };
		A7E3FD2E2BE82CFC00803DC0 /* BirdNode.swift in Sources */ = {isa = PBXBuildFile; fileRef = A7E3FD2D2BE82CFC00803DC0 /* BirdNode.swift */; };
		A7E3FD302BE82EEF00803DC0 /* GS+Bird.swift in Sources */ = {isa = PBXBuildFile; fileRef = A7E3FD2F2BE82EEF00803DC0 /* GS+Bird.swift */; };
		A7F53B642BE5DD0400BC64D7 /* MapNode.swift in Sources */ = {isa = PBXBuildFile; fileRef = A7F53B632BE5DD0400BC64D7 /* MapNode.swift */; };
		A7F53B672BE5E43F00BC64D7 /* Tokens.swift in Sources */ = {isa = PBXBuildFile; fileRef = A7F53B662BE5E43F00BC64D7 /* Tokens.swift */; };
		A7F53B692BE6902700BC64D7 /* GS+Map.swift in Sources */ = {isa = PBXBuildFile; fileRef = A7F53B682BE6902700BC64D7 /* GS+Map.swift */; };
		A7F53B6C2BE6ADC100BC64D7 /* FlowerNode.swift in Sources */ = {isa = PBXBuildFile; fileRef = A7F53B6B2BE6ADC100BC64D7 /* FlowerNode.swift */; };
		A7F53B702BE6AFFE00BC64D7 /* GS+Flower.swift in Sources */ = {isa = PBXBuildFile; fileRef = A7F53B6F2BE6AFFE00BC64D7 /* GS+Flower.swift */; };
		A7F53B722BE6B0D400BC64D7 /* GameSettings.swift in Sources */ = {isa = PBXBuildFile; fileRef = A7F53B712BE6B0D400BC64D7 /* GameSettings.swift */; };
		EA013A122BE758EC008BC412 /* SKNode+AnimationExtension.swift in Sources */ = {isa = PBXBuildFile; fileRef = EA013A112BE758EC008BC412 /* SKNode+AnimationExtension.swift */; };
/* End PBXBuildFile section */

/* Begin PBXFileReference section */
		1C032EB62BE6A30500A9775B /* GS+AddUpdaters.swift */ = {isa = PBXFileReference; lastKnownFileType = sourcecode.swift; path = "GS+AddUpdaters.swift"; sourceTree = "<group>"; };
		1C032EB82BE6A31F00A9775B /* GS+ContactDelegate.swift */ = {isa = PBXFileReference; lastKnownFileType = sourcecode.swift; path = "GS+ContactDelegate.swift"; sourceTree = "<group>"; };
		1C032EBA2BE6A33100A9775B /* GS+DidMove.swift */ = {isa = PBXFileReference; lastKnownFileType = sourcecode.swift; path = "GS+DidMove.swift"; sourceTree = "<group>"; };
		1C032EBD2BE6A38F00A9775B /* Layers.swift */ = {isa = PBXFileReference; lastKnownFileType = sourcecode.swift; path = Layers.swift; sourceTree = "<group>"; };
		1C032EBF2BE6A39700A9775B /* Textures.swift */ = {isa = PBXFileReference; lastKnownFileType = sourcecode.swift; path = Textures.swift; sourceTree = "<group>"; };
		1C032EC12BE6A3AA00A9775B /* PhysicsCategory.swift */ = {isa = PBXFileReference; lastKnownFileType = sourcecode.swift; path = PhysicsCategory.swift; sourceTree = "<group>"; };
		1C8564DE2BE8134D00051EA2 /* PollutionNode.swift */ = {isa = PBXFileReference; lastKnownFileType = sourcecode.swift; path = PollutionNode.swift; sourceTree = "<group>"; };
		1C8564E12BE8138100051EA2 /* GS+Pollution.swift */ = {isa = PBXFileReference; lastKnownFileType = sourcecode.swift; path = "GS+Pollution.swift"; sourceTree = "<group>"; };
		1C8564E32BE82D5100051EA2 /* EnemyTypes.swift */ = {isa = PBXFileReference; lastKnownFileType = sourcecode.swift; path = EnemyTypes.swift; sourceTree = "<group>"; };
		1C8564E52BE854BA00051EA2 /* Pollution.sks */ = {isa = PBXFileReference; lastKnownFileType = file.sks; path = Pollution.sks; sourceTree = "<group>"; };
		1C8564E62BE854BA00051EA2 /* Assets.xcassets */ = {isa = PBXFileReference; lastKnownFileType = folder.assetcatalog; path = Assets.xcassets; sourceTree = "<group>"; };
		1C8564ED2BE869D500051EA2 /* PollenTrail.sks */ = {isa = PBXFileReference; lastKnownFileType = file.sks; path = PollenTrail.sks; sourceTree = "<group>"; };
		1CA4FD432BE7FF77001FF87E /* GS+AddBoundaries.swift */ = {isa = PBXFileReference; lastKnownFileType = sourcecode.swift; path = "GS+AddBoundaries.swift"; sourceTree = "<group>"; };
		23B0DBEE2BE730140089CFAF /* GameCenterView.swift */ = {isa = PBXFileReference; lastKnownFileType = sourcecode.swift; path = GameCenterView.swift; sourceTree = "<group>"; };
		23B9A0FD2BE6F2DF00F4E5A0 /* PauseMenuView.swift */ = {isa = PBXFileReference; lastKnownFileType = sourcecode.swift; path = PauseMenuView.swift; sourceTree = "<group>"; };
		23B9A0FF2BE71F0000F4E5A0 /* AcademyGameJam.entitlements */ = {isa = PBXFileReference; lastKnownFileType = text.plist.entitlements; path = AcademyGameJam.entitlements; sourceTree = "<group>"; };
		23C1158C2BE8544000922780 /* CustomButton.swift */ = {isa = PBXFileReference; lastKnownFileType = sourcecode.swift; path = CustomButton.swift; sourceTree = "<group>"; };
		23C1158E2BE8545A00922780 /* CreditsView.swift */ = {isa = PBXFileReference; lastKnownFileType = sourcecode.swift; path = CreditsView.swift; sourceTree = "<group>"; };
		23C115902BE8580300922780 /* MusicController.swift */ = {isa = PBXFileReference; lastKnownFileType = sourcecode.swift; path = MusicController.swift; sourceTree = "<group>"; };
		23C115932BE8589100922780 /* MusicGameCard.swift */ = {isa = PBXFileReference; lastKnownFileType = sourcecode.swift; path = MusicGameCard.swift; sourceTree = "<group>"; };
		23C115972BE85A1F00922780 /* backgroundmusic.mp3 */ = {isa = PBXFileReference; lastKnownFileType = audio.mp3; path = backgroundmusic.mp3; sourceTree = "<group>"; };
		318A81FA2BE6FE61006A6E32 /* TreeNode.swift */ = {isa = PBXFileReference; lastKnownFileType = sourcecode.swift; path = TreeNode.swift; sourceTree = "<group>"; };
		318A81FC2BE6FFA8006A6E32 /* GS+Tree.swift */ = {isa = PBXFileReference; lastKnownFileType = sourcecode.swift; path = "GS+Tree.swift"; sourceTree = "<group>"; };
		318A81FE2BE84A93006A6E32 /* EndGameView.swift */ = {isa = PBXFileReference; lastKnownFileType = sourcecode.swift; path = EndGameView.swift; sourceTree = "<group>"; };
		7B38A1772BE5C33D00B4A99C /* AcademyGameJam.app */ = {isa = PBXFileReference; explicitFileType = wrapper.application; includeInIndex = 0; path = AcademyGameJam.app; sourceTree = BUILT_PRODUCTS_DIR; };
		7B38A17A2BE5C33D00B4A99C /* AcademyGameJamApp.swift */ = {isa = PBXFileReference; lastKnownFileType = sourcecode.swift; path = AcademyGameJamApp.swift; sourceTree = "<group>"; };
		7B38A17E2BE5C33E00B4A99C /* Assets.xcassets */ = {isa = PBXFileReference; lastKnownFileType = folder.assetcatalog; path = Assets.xcassets; sourceTree = "<group>"; };
		7B38A1812BE5C33E00B4A99C /* Preview Assets.xcassets */ = {isa = PBXFileReference; lastKnownFileType = folder.assetcatalog; path = "Preview Assets.xcassets"; sourceTree = "<group>"; };
		7B38A18A2BE5C36200B4A99C /* Player.swift */ = {isa = PBXFileReference; fileEncoding = 4; lastKnownFileType = sourcecode.swift; path = Player.swift; sourceTree = "<group>"; };
		7B38A18D2BE5C36200B4A99C /* GameView.swift */ = {isa = PBXFileReference; fileEncoding = 4; lastKnownFileType = sourcecode.swift; path = GameView.swift; sourceTree = "<group>"; };
		7B38A18F2BE5C36200B4A99C /* GS+VirtualControllers.swift */ = {isa = PBXFileReference; fileEncoding = 4; lastKnownFileType = sourcecode.swift; path = "GS+VirtualControllers.swift"; sourceTree = "<group>"; };
		7B38A1902BE5C36200B4A99C /* GameScene.swift */ = {isa = PBXFileReference; fileEncoding = 4; lastKnownFileType = sourcecode.swift; path = GameScene.swift; sourceTree = "<group>"; };
		A72134EB2BE7490D003362B1 /* ProgressBarNode.swift */ = {isa = PBXFileReference; lastKnownFileType = sourcecode.swift; path = ProgressBarNode.swift; sourceTree = "<group>"; };
		A72134EE2BE75995003362B1 /* Interactable.swift */ = {isa = PBXFileReference; lastKnownFileType = sourcecode.swift; path = Interactable.swift; sourceTree = "<group>"; };
		A72134F22BE75B7F003362B1 /* Sizeable.swift */ = {isa = PBXFileReference; lastKnownFileType = sourcecode.swift; path = Sizeable.swift; sourceTree = "<group>"; };
		A72134F42BE768DE003362B1 /* PollenDelegate.swift */ = {isa = PBXFileReference; lastKnownFileType = sourcecode.swift; path = PollenDelegate.swift; sourceTree = "<group>"; };
		A72134F62BE7694B003362B1 /* GS+PollenDelegate.swift */ = {isa = PBXFileReference; lastKnownFileType = sourcecode.swift; path = "GS+PollenDelegate.swift"; sourceTree = "<group>"; };
		A7479F6A2BF2B64100FF9CFB /* CGPoint+Hashable.swift */ = {isa = PBXFileReference; lastKnownFileType = sourcecode.swift; path = "CGPoint+Hashable.swift"; sourceTree = "<group>"; };
		A7479F6C2BF2BDFF00FF9CFB /* Dirt.sks */ = {isa = PBXFileReference; lastKnownFileType = file.sks; path = Dirt.sks; sourceTree = "<group>"; };
		A75A14E02BE6FFD800033D5C /* GS+Interactions.swift */ = {isa = PBXFileReference; lastKnownFileType = sourcecode.swift; path = "GS+Interactions.swift"; sourceTree = "<group>"; };
		A76F54752BEB343F00AF6982 /* PlayerDelegate.swift */ = {isa = PBXFileReference; lastKnownFileType = sourcecode.swift; path = PlayerDelegate.swift; sourceTree = "<group>"; };
		A76F54772BEB368200AF6982 /* Player+Animation.swift */ = {isa = PBXFileReference; lastKnownFileType = sourcecode.swift; path = "Player+Animation.swift"; sourceTree = "<group>"; };
		A76F54792BEB399C00AF6982 /* GS+Player.swift */ = {isa = PBXFileReference; lastKnownFileType = sourcecode.swift; path = "GS+Player.swift"; sourceTree = "<group>"; };
		A776BC9B2BE86B5100A15102 /* backgroundmusic.mp3 */ = {isa = PBXFileReference; lastKnownFileType = audio.mp3; path = backgroundmusic.mp3; sourceTree = "<group>"; };
		A776BC9D2BE86DC700A15102 /* MainMenuView.swift */ = {isa = PBXFileReference; lastKnownFileType = sourcecode.swift; path = MainMenuView.swift; sourceTree = "<group>"; };
		A786C8EE2BEB0E8000A6A28E /* CGPoint+Vector.swift */ = {isa = PBXFileReference; lastKnownFileType = sourcecode.swift; path = "CGPoint+Vector.swift"; sourceTree = "<group>"; };
		A786C8F12BEB0EDE00A6A28E /* Utility.swift */ = {isa = PBXFileReference; lastKnownFileType = sourcecode.swift; path = Utility.swift; sourceTree = "<group>"; };
		A79BCD8D2BE7F0C800C2B4ED /* TileNode.swift */ = {isa = PBXFileReference; lastKnownFileType = sourcecode.swift; path = TileNode.swift; sourceTree = "<group>"; };
		A79BCD902BE7F4F200C2B4ED /* UIColor+RGBA.swift */ = {isa = PBXFileReference; lastKnownFileType = sourcecode.swift; path = "UIColor+RGBA.swift"; sourceTree = "<group>"; };
		A79BCD922BE8172200C2B4ED /* GS+Score.swift */ = {isa = PBXFileReference; lastKnownFileType = sourcecode.swift; path = "GS+Score.swift"; sourceTree = "<group>"; };
		A7B2858A2BEB320A00EDB4F5 /* GS+PlayerDelegate.swift */ = {isa = PBXFileReference; lastKnownFileType = sourcecode.swift; path = "GS+PlayerDelegate.swift"; sourceTree = "<group>"; };
		A7D5F4C72BEB11FB00336F1A /* GS+Flow.swift */ = {isa = PBXFileReference; lastKnownFileType = sourcecode.swift; path = "GS+Flow.swift"; sourceTree = "<group>"; };
		A7D5F4C92BEB14AA00336F1A /* SettingsView.swift */ = {isa = PBXFileReference; lastKnownFileType = sourcecode.swift; path = SettingsView.swift; sourceTree = "<group>"; };
		A7D5F4CB2BEB1BCA00336F1A /* HashableBinding.swift */ = {isa = PBXFileReference; fileEncoding = 4; lastKnownFileType = sourcecode.swift; path = HashableBinding.swift; sourceTree = "<group>"; };
		A7D5F4CC2BEB1BCA00336F1A /* Route.swift */ = {isa = PBXFileReference; fileEncoding = 4; lastKnownFileType = sourcecode.swift; path = Route.swift; sourceTree = "<group>"; };
		A7D5F4CD2BEB1BCA00336F1A /* Router.swift */ = {isa = PBXFileReference; fileEncoding = 4; lastKnownFileType = sourcecode.swift; path = Router.swift; sourceTree = "<group>"; };
		A7D5F4CE2BEB1BCA00336F1A /* RouterSwiftUI.h */ = {isa = PBXFileReference; fileEncoding = 4; lastKnownFileType = sourcecode.c.h; path = RouterSwiftUI.h; sourceTree = "<group>"; };
		A7D5F4CF2BEB1BCA00336F1A /* RouterView.swift */ = {isa = PBXFileReference; fileEncoding = 4; lastKnownFileType = sourcecode.swift; path = RouterView.swift; sourceTree = "<group>"; };
		A7D5F4D52BEB1BEC00336F1A /* Routes.swift */ = {isa = PBXFileReference; lastKnownFileType = sourcecode.swift; path = Routes.swift; sourceTree = "<group>"; };
		A7E3FD2D2BE82CFC00803DC0 /* BirdNode.swift */ = {isa = PBXFileReference; lastKnownFileType = sourcecode.swift; path = BirdNode.swift; sourceTree = "<group>"; };
		A7E3FD2F2BE82EEF00803DC0 /* GS+Bird.swift */ = {isa = PBXFileReference; lastKnownFileType = sourcecode.swift; path = "GS+Bird.swift"; sourceTree = "<group>"; };
		A7F53B632BE5DD0400BC64D7 /* MapNode.swift */ = {isa = PBXFileReference; lastKnownFileType = sourcecode.swift; path = MapNode.swift; sourceTree = "<group>"; };
		A7F53B662BE5E43F00BC64D7 /* Tokens.swift */ = {isa = PBXFileReference; lastKnownFileType = sourcecode.swift; path = Tokens.swift; sourceTree = "<group>"; };
		A7F53B682BE6902700BC64D7 /* GS+Map.swift */ = {isa = PBXFileReference; lastKnownFileType = sourcecode.swift; path = "GS+Map.swift"; sourceTree = "<group>"; };
		A7F53B6B2BE6ADC100BC64D7 /* FlowerNode.swift */ = {isa = PBXFileReference; lastKnownFileType = sourcecode.swift; path = FlowerNode.swift; sourceTree = "<group>"; };
		A7F53B6F2BE6AFFE00BC64D7 /* GS+Flower.swift */ = {isa = PBXFileReference; lastKnownFileType = sourcecode.swift; path = "GS+Flower.swift"; sourceTree = "<group>"; };
		A7F53B712BE6B0D400BC64D7 /* GameSettings.swift */ = {isa = PBXFileReference; lastKnownFileType = sourcecode.swift; path = GameSettings.swift; sourceTree = "<group>"; };
		EA013A112BE758EC008BC412 /* SKNode+AnimationExtension.swift */ = {isa = PBXFileReference; lastKnownFileType = sourcecode.swift; path = "SKNode+AnimationExtension.swift"; sourceTree = "<group>"; };
/* End PBXFileReference section */

/* Begin PBXFrameworksBuildPhase section */
		7B38A1742BE5C33D00B4A99C /* Frameworks */ = {
			isa = PBXFrameworksBuildPhase;
			buildActionMask = 2147483647;
			files = (
			);
			runOnlyForDeploymentPostprocessing = 0;
		};
/* End PBXFrameworksBuildPhase section */

/* Begin PBXGroup section */
		1C032EBC2BE6A34500A9775B /* Misc */ = {
			isa = PBXGroup;
			children = (
				A72134EA2BE74900003362B1 /* Nodes */,
				1C032EBD2BE6A38F00A9775B /* Layers.swift */,
				1C032EBF2BE6A39700A9775B /* Textures.swift */,
				1C032EC12BE6A3AA00A9775B /* PhysicsCategory.swift */,
			);
			path = Misc;
			sourceTree = "<group>";
		};
		1C8564E02BE8135400051EA2 /* Pollution */ = {
			isa = PBXGroup;
			children = (
				1C8564E12BE8138100051EA2 /* GS+Pollution.swift */,
				1C8564DE2BE8134D00051EA2 /* PollutionNode.swift */,
				1C8564E32BE82D5100051EA2 /* EnemyTypes.swift */,
			);
			path = Pollution;
			sourceTree = "<group>";
		};
		23B0DBED2BE730020089CFAF /* GameCenter */ = {
			isa = PBXGroup;
			children = (
				23B0DBEE2BE730140089CFAF /* GameCenterView.swift */,
			);
			path = GameCenter;
			sourceTree = "<group>";
		};
		23C115922BE8587300922780 /* Controllers */ = {
			isa = PBXGroup;
			children = (
				23C115902BE8580300922780 /* MusicController.swift */,
			);
			path = Controllers;
			sourceTree = "<group>";
		};
		318A81F92BE6FE2C006A6E32 /* Tree */ = {
			isa = PBXGroup;
			children = (
				318A81FA2BE6FE61006A6E32 /* TreeNode.swift */,
				318A81FC2BE6FFA8006A6E32 /* GS+Tree.swift */,
			);
			path = Tree;
			sourceTree = "<group>";
		};
		7B38A16E2BE5C33D00B4A99C = {
			isa = PBXGroup;
			children = (
				A7479F6C2BF2BDFF00FF9CFB /* Dirt.sks */,
				1C8564ED2BE869D500051EA2 /* PollenTrail.sks */,
				1C8564E52BE854BA00051EA2 /* Pollution.sks */,
				1C8564E62BE854BA00051EA2 /* Assets.xcassets */,
				A7D5F4D02BEB1BCA00336F1A /* RouterSwiftUI */,
				7B38A1792BE5C33D00B4A99C /* AcademyGameJam */,
				7B38A1782BE5C33D00B4A99C /* Products */,
			);
			sourceTree = "<group>";
		};
		7B38A1782BE5C33D00B4A99C /* Products */ = {
			isa = PBXGroup;
			children = (
				7B38A1772BE5C33D00B4A99C /* AcademyGameJam.app */,
			);
			name = Products;
			sourceTree = "<group>";
		};
		7B38A1792BE5C33D00B4A99C /* AcademyGameJam */ = {
			isa = PBXGroup;
			children = (
				23B9A0FF2BE71F0000F4E5A0 /* AcademyGameJam.entitlements */,
				7B38A17A2BE5C33D00B4A99C /* AcademyGameJamApp.swift */,
				A7D5F4D52BEB1BEC00336F1A /* Routes.swift */,
				A776BC9D2BE86DC700A15102 /* MainMenuView.swift */,
				23C115972BE85A1F00922780 /* backgroundmusic.mp3 */,
				23C115922BE8587300922780 /* Controllers */,
				23B0DBED2BE730020089CFAF /* GameCenter */,
				A75A14DF2BE6D1AC00033D5C /* GameView */,
				7B38A1912BE5C36200B4A99C /* GameScene */,
				A7F53B652BE5E43100BC64D7 /* Design */,
				A786C8F02BEB0EC200A6A28E /* Utility */,
				7B38A17E2BE5C33E00B4A99C /* Assets.xcassets */,
				7B38A1802BE5C33E00B4A99C /* Preview Content */,
			);
			path = AcademyGameJam;
			sourceTree = "<group>";
		};
		7B38A1802BE5C33E00B4A99C /* Preview Content */ = {
			isa = PBXGroup;
			children = (
				A776BC9B2BE86B5100A15102 /* backgroundmusic.mp3 */,
				7B38A1812BE5C33E00B4A99C /* Preview Assets.xcassets */,
			);
			path = "Preview Content";
			sourceTree = "<group>";
		};
		7B38A18B2BE5C36200B4A99C /* Player */ = {
			isa = PBXGroup;
			children = (
				A76F54792BEB399C00AF6982 /* GS+Player.swift */,
				7B38A18A2BE5C36200B4A99C /* Player.swift */,
				A76F54772BEB368200AF6982 /* Player+Animation.swift */,
			);
			path = Player;
			sourceTree = "<group>";
		};
		7B38A1912BE5C36200B4A99C /* GameScene */ = {
			isa = PBXGroup;
			children = (
				7B38A1902BE5C36200B4A99C /* GameScene.swift */,
				1C032EBA2BE6A33100A9775B /* GS+DidMove.swift */,
				1C032EB62BE6A30500A9775B /* GS+AddUpdaters.swift */,
				1C032EB82BE6A31F00A9775B /* GS+ContactDelegate.swift */,
				1CA4FD432BE7FF77001FF87E /* GS+AddBoundaries.swift */,
				A72134F62BE7694B003362B1 /* GS+PollenDelegate.swift */,
				A7B2858A2BEB320A00EDB4F5 /* GS+PlayerDelegate.swift */,
				7B38A18F2BE5C36200B4A99C /* GS+VirtualControllers.swift */,
				A75A14E02BE6FFD800033D5C /* GS+Interactions.swift */,
				A7D5F4C72BEB11FB00336F1A /* GS+Flow.swift */,
				A79BCD922BE8172200C2B4ED /* GS+Score.swift */,
				A7F53B712BE6B0D400BC64D7 /* GameSettings.swift */,
				1C8564E02BE8135400051EA2 /* Pollution */,
				A7F53B6A2BE6ADB300BC64D7 /* Flower */,
				A7F53B622BE5DCC100BC64D7 /* Map */,
				318A81F92BE6FE2C006A6E32 /* Tree */,
				7B38A18B2BE5C36200B4A99C /* Player */,
				A7E3FD2C2BE82CD300803DC0 /* Enemies */,
				1C032EBC2BE6A34500A9775B /* Misc */,
				A72134ED2BE75979003362B1 /* Protocols */,
			);
			path = GameScene;
			sourceTree = "<group>";
		};
		A72134EA2BE74900003362B1 /* Nodes */ = {
			isa = PBXGroup;
			children = (
				A72134EB2BE7490D003362B1 /* ProgressBarNode.swift */,
			);
			path = Nodes;
			sourceTree = "<group>";
		};
		A72134ED2BE75979003362B1 /* Protocols */ = {
			isa = PBXGroup;
			children = (
				A72134EE2BE75995003362B1 /* Interactable.swift */,
				A72134F22BE75B7F003362B1 /* Sizeable.swift */,
				A72134F42BE768DE003362B1 /* PollenDelegate.swift */,
				A76F54752BEB343F00AF6982 /* PlayerDelegate.swift */,
			);
			path = Protocols;
			sourceTree = "<group>";
		};
		A75A14DF2BE6D1AC00033D5C /* GameView */ = {
			isa = PBXGroup;
			children = (
				7B38A18D2BE5C36200B4A99C /* GameView.swift */,
				23B9A0FD2BE6F2DF00F4E5A0 /* PauseMenuView.swift */,
				A7D5F4C92BEB14AA00336F1A /* SettingsView.swift */,
				318A81FE2BE84A93006A6E32 /* EndGameView.swift */,
				23C1158C2BE8544000922780 /* CustomButton.swift */,
				23C1158E2BE8545A00922780 /* CreditsView.swift */,
				23C115932BE8589100922780 /* MusicGameCard.swift */,
			);
			path = GameView;
			sourceTree = "<group>";
		};
		A786C8F02BEB0EC200A6A28E /* Utility */ = {
			isa = PBXGroup;
			children = (
				A79BCD8F2BE7F4D400C2B4ED /* Extensions */,
				A786C8F12BEB0EDE00A6A28E /* Utility.swift */,
			);
			path = Utility;
			sourceTree = "<group>";
		};
		A79BCD8F2BE7F4D400C2B4ED /* Extensions */ = {
			isa = PBXGroup;
			children = (
				EA013A112BE758EC008BC412 /* SKNode+AnimationExtension.swift */,
				A79BCD902BE7F4F200C2B4ED /* UIColor+RGBA.swift */,
				A786C8EE2BEB0E8000A6A28E /* CGPoint+Vector.swift */,
				A7479F6A2BF2B64100FF9CFB /* CGPoint+Hashable.swift */,
			);
			path = Extensions;
			sourceTree = "<group>";
		};
		A7D5F4D02BEB1BCA00336F1A /* RouterSwiftUI */ = {
			isa = PBXGroup;
			children = (
				A7D5F4CB2BEB1BCA00336F1A /* HashableBinding.swift */,
				A7D5F4CC2BEB1BCA00336F1A /* Route.swift */,
				A7D5F4CD2BEB1BCA00336F1A /* Router.swift */,
				A7D5F4CE2BEB1BCA00336F1A /* RouterSwiftUI.h */,
				A7D5F4CF2BEB1BCA00336F1A /* RouterView.swift */,
			);
			path = RouterSwiftUI;
			sourceTree = "<group>";
		};
		A7E3FD2B2BE82CCB00803DC0 /* Bird */ = {
			isa = PBXGroup;
			children = (
				A7E3FD2F2BE82EEF00803DC0 /* GS+Bird.swift */,
				A7E3FD2D2BE82CFC00803DC0 /* BirdNode.swift */,
			);
			path = Bird;
			sourceTree = "<group>";
		};
		A7E3FD2C2BE82CD300803DC0 /* Enemies */ = {
			isa = PBXGroup;
			children = (
				A7E3FD2B2BE82CCB00803DC0 /* Bird */,
			);
			path = Enemies;
			sourceTree = "<group>";
		};
		A7F53B622BE5DCC100BC64D7 /* Map */ = {
			isa = PBXGroup;
			children = (
				A7F53B682BE6902700BC64D7 /* GS+Map.swift */,
				A7F53B632BE5DD0400BC64D7 /* MapNode.swift */,
				A79BCD8D2BE7F0C800C2B4ED /* TileNode.swift */,
			);
			path = Map;
			sourceTree = "<group>";
		};
		A7F53B652BE5E43100BC64D7 /* Design */ = {
			isa = PBXGroup;
			children = (
				A7F53B662BE5E43F00BC64D7 /* Tokens.swift */,
			);
			path = Design;
			sourceTree = "<group>";
		};
		A7F53B6A2BE6ADB300BC64D7 /* Flower */ = {
			isa = PBXGroup;
			children = (
				A7F53B6F2BE6AFFE00BC64D7 /* GS+Flower.swift */,
				A7F53B6B2BE6ADC100BC64D7 /* FlowerNode.swift */,
			);
			path = Flower;
			sourceTree = "<group>";
		};
/* End PBXGroup section */

/* Begin PBXNativeTarget section */
		7B38A1762BE5C33D00B4A99C /* AcademyGameJam */ = {
			isa = PBXNativeTarget;
			buildConfigurationList = 7B38A1852BE5C33E00B4A99C /* Build configuration list for PBXNativeTarget "AcademyGameJam" */;
			buildPhases = (
				7B38A1732BE5C33D00B4A99C /* Sources */,
				7B38A1742BE5C33D00B4A99C /* Frameworks */,
				7B38A1752BE5C33D00B4A99C /* Resources */,
			);
			buildRules = (
			);
			dependencies = (
			);
			name = AcademyGameJam;
			productName = AcademyGameJam;
			productReference = 7B38A1772BE5C33D00B4A99C /* AcademyGameJam.app */;
			productType = "com.apple.product-type.application";
		};
/* End PBXNativeTarget section */

/* Begin PBXProject section */
		7B38A16F2BE5C33D00B4A99C /* Project object */ = {
			isa = PBXProject;
			attributes = {
				BuildIndependentTargetsInParallel = 1;
				LastSwiftUpdateCheck = 1530;
				LastUpgradeCheck = 1530;
				TargetAttributes = {
					7B38A1762BE5C33D00B4A99C = {
						CreatedOnToolsVersion = 15.3;
					};
				};
			};
			buildConfigurationList = 7B38A1722BE5C33D00B4A99C /* Build configuration list for PBXProject "AcademyGameJam" */;
			compatibilityVersion = "Xcode 14.0";
			developmentRegion = en;
			hasScannedForEncodings = 0;
			knownRegions = (
				en,
				Base,
			);
			mainGroup = 7B38A16E2BE5C33D00B4A99C;
			productRefGroup = 7B38A1782BE5C33D00B4A99C /* Products */;
			projectDirPath = "";
			projectRoot = "";
			targets = (
				7B38A1762BE5C33D00B4A99C /* AcademyGameJam */,
			);
		};
/* End PBXProject section */

/* Begin PBXResourcesBuildPhase section */
		7B38A1752BE5C33D00B4A99C /* Resources */ = {
			isa = PBXResourcesBuildPhase;
			buildActionMask = 2147483647;
			files = (
				A776BC9C2BE86B5100A15102 /* backgroundmusic.mp3 in Resources */,
				7B38A1822BE5C33E00B4A99C /* Preview Assets.xcassets in Resources */,
				A7479F6D2BF2BDFF00FF9CFB /* Dirt.sks in Resources */,
				1C8564EE2BE869D500051EA2 /* PollenTrail.sks in Resources */,
				7B38A17F2BE5C33E00B4A99C /* Assets.xcassets in Resources */,
				1C8564E72BE854BA00051EA2 /* Pollution.sks in Resources */,
				1C8564E82BE854BA00051EA2 /* Assets.xcassets in Resources */,
			);
			runOnlyForDeploymentPostprocessing = 0;
		};
/* End PBXResourcesBuildPhase section */

/* Begin PBXSourcesBuildPhase section */
		7B38A1732BE5C33D00B4A99C /* Sources */ = {
			isa = PBXSourcesBuildPhase;
			buildActionMask = 2147483647;
			files = (
				A7F53B702BE6AFFE00BC64D7 /* GS+Flower.swift in Sources */,
				A79BCD932BE8172200C2B4ED /* GS+Score.swift in Sources */,
				23B9A0FE2BE6F2DF00F4E5A0 /* PauseMenuView.swift in Sources */,
				A76F54762BEB343F00AF6982 /* PlayerDelegate.swift in Sources */,
				A7F53B642BE5DD0400BC64D7 /* MapNode.swift in Sources */,
				1CA4FD442BE7FF77001FF87E /* GS+AddBoundaries.swift in Sources */,
				A7E3FD2E2BE82CFC00803DC0 /* BirdNode.swift in Sources */,
				7B38A1992BE5C36200B4A99C /* GameScene.swift in Sources */,
				A7F53B672BE5E43F00BC64D7 /* Tokens.swift in Sources */,
				A76F54782BEB368200AF6982 /* Player+Animation.swift in Sources */,
				A72134F72BE7694B003362B1 /* GS+PollenDelegate.swift in Sources */,
				A7D5F4CA2BEB14AA00336F1A /* SettingsView.swift in Sources */,
				A7D5F4D32BEB1BCA00336F1A /* Router.swift in Sources */,
				A7F53B722BE6B0D400BC64D7 /* GameSettings.swift in Sources */,
				A72134F32BE75B7F003362B1 /* Sizeable.swift in Sources */,
				A7E3FD302BE82EEF00803DC0 /* GS+Bird.swift in Sources */,
				23C115942BE8589100922780 /* MusicGameCard.swift in Sources */,
				23C115912BE8580300922780 /* MusicController.swift in Sources */,
				A786C8EF2BEB0E8000A6A28E /* CGPoint+Vector.swift in Sources */,
				A786C8F22BEB0EDE00A6A28E /* Utility.swift in Sources */,
				A7F53B6C2BE6ADC100BC64D7 /* FlowerNode.swift in Sources */,
				7B38A17B2BE5C33D00B4A99C /* AcademyGameJamApp.swift in Sources */,
				EA013A122BE758EC008BC412 /* SKNode+AnimationExtension.swift in Sources */,
				318A81FF2BE84A94006A6E32 /* EndGameView.swift in Sources */,
				A72134EF2BE75995003362B1 /* Interactable.swift in Sources */,
				A7D5F4D22BEB1BCA00336F1A /* Route.swift in Sources */,
				7B38A1942BE5C36200B4A99C /* Player.swift in Sources */,
				A7D5F4D62BEB1BEC00336F1A /* Routes.swift in Sources */,
				1C032EB72BE6A30500A9775B /* GS+AddUpdaters.swift in Sources */,
				A72134EC2BE7490D003362B1 /* ProgressBarNode.swift in Sources */,
				A7D5F4D12BEB1BCA00336F1A /* HashableBinding.swift in Sources */,
				7B38A1982BE5C36200B4A99C /* GS+VirtualControllers.swift in Sources */,
				1C8564E22BE8138100051EA2 /* GS+Pollution.swift in Sources */,
				1C032EBE2BE6A38F00A9775B /* Layers.swift in Sources */,
				A7479F6B2BF2B64100FF9CFB /* CGPoint+Hashable.swift in Sources */,
				A79BCD912BE7F4F200C2B4ED /* UIColor+RGBA.swift in Sources */,
				A72134F52BE768DE003362B1 /* PollenDelegate.swift in Sources */,
				1C032EBB2BE6A33100A9775B /* GS+DidMove.swift in Sources */,
				1C8564DF2BE8134D00051EA2 /* PollutionNode.swift in Sources */,
				1C032EC02BE6A39700A9775B /* Textures.swift in Sources */,
				A7F53B692BE6902700BC64D7 /* GS+Map.swift in Sources */,
				A776BC9E2BE86DC700A15102 /* MainMenuView.swift in Sources */,
				318A81FB2BE6FE61006A6E32 /* TreeNode.swift in Sources */,
				A79BCD8E2BE7F0C800C2B4ED /* TileNode.swift in Sources */,
				A7B2858B2BEB320A00EDB4F5 /* GS+PlayerDelegate.swift in Sources */,
				7B38A1962BE5C36200B4A99C /* GameView.swift in Sources */,
				318A81FD2BE6FFA8006A6E32 /* GS+Tree.swift in Sources */,
				23B0DBEF2BE730140089CFAF /* GameCenterView.swift in Sources */,
				23C1158F2BE8545A00922780 /* CreditsView.swift in Sources */,
				23C1158D2BE8544000922780 /* CustomButton.swift in Sources */,
				1C032EB92BE6A31F00A9775B /* GS+ContactDelegate.swift in Sources */,
				A76F547A2BEB399C00AF6982 /* GS+Player.swift in Sources */,
				A7D5F4D42BEB1BCA00336F1A /* RouterView.swift in Sources */,
				A7D5F4C82BEB11FB00336F1A /* GS+Flow.swift in Sources */,
				1C032EC22BE6A3AA00A9775B /* PhysicsCategory.swift in Sources */,
				1C8564E42BE82D5100051EA2 /* EnemyTypes.swift in Sources */,
				A75A14E12BE6FFD800033D5C /* GS+Interactions.swift in Sources */,
			);
			runOnlyForDeploymentPostprocessing = 0;
		};
/* End PBXSourcesBuildPhase section */

/* Begin XCBuildConfiguration section */
		7B38A1832BE5C33E00B4A99C /* Debug */ = {
			isa = XCBuildConfiguration;
			buildSettings = {
				ALWAYS_SEARCH_USER_PATHS = NO;
				ASSETCATALOG_COMPILER_GENERATE_SWIFT_ASSET_SYMBOL_EXTENSIONS = YES;
				CLANG_ANALYZER_NONNULL = YES;
				CLANG_ANALYZER_NUMBER_OBJECT_CONVERSION = YES_AGGRESSIVE;
				CLANG_CXX_LANGUAGE_STANDARD = "gnu++20";
				CLANG_ENABLE_MODULES = YES;
				CLANG_ENABLE_OBJC_ARC = YES;
				CLANG_ENABLE_OBJC_WEAK = YES;
				CLANG_WARN_BLOCK_CAPTURE_AUTORELEASING = YES;
				CLANG_WARN_BOOL_CONVERSION = YES;
				CLANG_WARN_COMMA = YES;
				CLANG_WARN_CONSTANT_CONVERSION = YES;
				CLANG_WARN_DEPRECATED_OBJC_IMPLEMENTATIONS = YES;
				CLANG_WARN_DIRECT_OBJC_ISA_USAGE = YES_ERROR;
				CLANG_WARN_DOCUMENTATION_COMMENTS = YES;
				CLANG_WARN_EMPTY_BODY = YES;
				CLANG_WARN_ENUM_CONVERSION = YES;
				CLANG_WARN_INFINITE_RECURSION = YES;
				CLANG_WARN_INT_CONVERSION = YES;
				CLANG_WARN_NON_LITERAL_NULL_CONVERSION = YES;
				CLANG_WARN_OBJC_IMPLICIT_RETAIN_SELF = YES;
				CLANG_WARN_OBJC_LITERAL_CONVERSION = YES;
				CLANG_WARN_OBJC_ROOT_CLASS = YES_ERROR;
				CLANG_WARN_QUOTED_INCLUDE_IN_FRAMEWORK_HEADER = YES;
				CLANG_WARN_RANGE_LOOP_ANALYSIS = YES;
				CLANG_WARN_STRICT_PROTOTYPES = YES;
				CLANG_WARN_SUSPICIOUS_MOVE = YES;
				CLANG_WARN_UNGUARDED_AVAILABILITY = YES_AGGRESSIVE;
				CLANG_WARN_UNREACHABLE_CODE = YES;
				CLANG_WARN__DUPLICATE_METHOD_MATCH = YES;
				COPY_PHASE_STRIP = NO;
				DEBUG_INFORMATION_FORMAT = dwarf;
				ENABLE_STRICT_OBJC_MSGSEND = YES;
				ENABLE_TESTABILITY = YES;
				ENABLE_USER_SCRIPT_SANDBOXING = YES;
				GCC_C_LANGUAGE_STANDARD = gnu17;
				GCC_DYNAMIC_NO_PIC = NO;
				GCC_NO_COMMON_BLOCKS = YES;
				GCC_OPTIMIZATION_LEVEL = 0;
				GCC_PREPROCESSOR_DEFINITIONS = (
					"DEBUG=1",
					"$(inherited)",
				);
				GCC_WARN_64_TO_32_BIT_CONVERSION = YES;
				GCC_WARN_ABOUT_RETURN_TYPE = YES_ERROR;
				GCC_WARN_UNDECLARED_SELECTOR = YES;
				GCC_WARN_UNINITIALIZED_AUTOS = YES_AGGRESSIVE;
				GCC_WARN_UNUSED_FUNCTION = YES;
				GCC_WARN_UNUSED_VARIABLE = YES;
				IPHONEOS_DEPLOYMENT_TARGET = 17.4;
				LOCALIZATION_PREFERS_STRING_CATALOGS = YES;
				MTL_ENABLE_DEBUG_INFO = INCLUDE_SOURCE;
				MTL_FAST_MATH = YES;
				ONLY_ACTIVE_ARCH = YES;
				SDKROOT = iphoneos;
				SWIFT_ACTIVE_COMPILATION_CONDITIONS = "DEBUG $(inherited)";
				SWIFT_OPTIMIZATION_LEVEL = "-Onone";
			};
			name = Debug;
		};
		7B38A1842BE5C33E00B4A99C /* Release */ = {
			isa = XCBuildConfiguration;
			buildSettings = {
				ALWAYS_SEARCH_USER_PATHS = NO;
				ASSETCATALOG_COMPILER_GENERATE_SWIFT_ASSET_SYMBOL_EXTENSIONS = YES;
				CLANG_ANALYZER_NONNULL = YES;
				CLANG_ANALYZER_NUMBER_OBJECT_CONVERSION = YES_AGGRESSIVE;
				CLANG_CXX_LANGUAGE_STANDARD = "gnu++20";
				CLANG_ENABLE_MODULES = YES;
				CLANG_ENABLE_OBJC_ARC = YES;
				CLANG_ENABLE_OBJC_WEAK = YES;
				CLANG_WARN_BLOCK_CAPTURE_AUTORELEASING = YES;
				CLANG_WARN_BOOL_CONVERSION = YES;
				CLANG_WARN_COMMA = YES;
				CLANG_WARN_CONSTANT_CONVERSION = YES;
				CLANG_WARN_DEPRECATED_OBJC_IMPLEMENTATIONS = YES;
				CLANG_WARN_DIRECT_OBJC_ISA_USAGE = YES_ERROR;
				CLANG_WARN_DOCUMENTATION_COMMENTS = YES;
				CLANG_WARN_EMPTY_BODY = YES;
				CLANG_WARN_ENUM_CONVERSION = YES;
				CLANG_WARN_INFINITE_RECURSION = YES;
				CLANG_WARN_INT_CONVERSION = YES;
				CLANG_WARN_NON_LITERAL_NULL_CONVERSION = YES;
				CLANG_WARN_OBJC_IMPLICIT_RETAIN_SELF = YES;
				CLANG_WARN_OBJC_LITERAL_CONVERSION = YES;
				CLANG_WARN_OBJC_ROOT_CLASS = YES_ERROR;
				CLANG_WARN_QUOTED_INCLUDE_IN_FRAMEWORK_HEADER = YES;
				CLANG_WARN_RANGE_LOOP_ANALYSIS = YES;
				CLANG_WARN_STRICT_PROTOTYPES = YES;
				CLANG_WARN_SUSPICIOUS_MOVE = YES;
				CLANG_WARN_UNGUARDED_AVAILABILITY = YES_AGGRESSIVE;
				CLANG_WARN_UNREACHABLE_CODE = YES;
				CLANG_WARN__DUPLICATE_METHOD_MATCH = YES;
				COPY_PHASE_STRIP = NO;
				DEBUG_INFORMATION_FORMAT = "dwarf-with-dsym";
				ENABLE_NS_ASSERTIONS = NO;
				ENABLE_STRICT_OBJC_MSGSEND = YES;
				ENABLE_USER_SCRIPT_SANDBOXING = YES;
				GCC_C_LANGUAGE_STANDARD = gnu17;
				GCC_NO_COMMON_BLOCKS = YES;
				GCC_WARN_64_TO_32_BIT_CONVERSION = YES;
				GCC_WARN_ABOUT_RETURN_TYPE = YES_ERROR;
				GCC_WARN_UNDECLARED_SELECTOR = YES;
				GCC_WARN_UNINITIALIZED_AUTOS = YES_AGGRESSIVE;
				GCC_WARN_UNUSED_FUNCTION = YES;
				GCC_WARN_UNUSED_VARIABLE = YES;
				IPHONEOS_DEPLOYMENT_TARGET = 17.4;
				LOCALIZATION_PREFERS_STRING_CATALOGS = YES;
				MTL_ENABLE_DEBUG_INFO = NO;
				MTL_FAST_MATH = YES;
				SDKROOT = iphoneos;
				SWIFT_COMPILATION_MODE = wholemodule;
				VALIDATE_PRODUCT = YES;
			};
			name = Release;
		};
		7B38A1862BE5C33E00B4A99C /* Debug */ = {
			isa = XCBuildConfiguration;
			buildSettings = {
				ASSETCATALOG_COMPILER_APPICON_NAME = AppIcon;
				ASSETCATALOG_COMPILER_GLOBAL_ACCENT_COLOR_NAME = AccentColor;
				CODE_SIGN_ENTITLEMENTS = AcademyGameJam/AcademyGameJam.entitlements;
				CODE_SIGN_IDENTITY = "Apple Development";
				"CODE_SIGN_IDENTITY[sdk=iphoneos*]" = "iPhone Developer";
				CODE_SIGN_STYLE = Manual;
				CURRENT_PROJECT_VERSION = 3;
				DEVELOPMENT_ASSET_PATHS = "\"AcademyGameJam/Preview Content\"";
				DEVELOPMENT_TEAM = "";
				"DEVELOPMENT_TEAM[sdk=iphoneos*]" = TPM3CS87N5;
				ENABLE_PREVIEWS = YES;
				GENERATE_INFOPLIST_FILE = YES;
				INFOPLIST_KEY_CFBundleDisplayName = FlowerHive;
				INFOPLIST_KEY_LSApplicationCategoryType = "public.app-category.adventure-games";
				INFOPLIST_KEY_UIApplicationSceneManifest_Generation = YES;
				INFOPLIST_KEY_UIApplicationSupportsIndirectInputEvents = YES;
				INFOPLIST_KEY_UILaunchScreen_Generation = YES;
				INFOPLIST_KEY_UIRequiresFullScreen = YES;
				INFOPLIST_KEY_UISupportedInterfaceOrientations = "UIInterfaceOrientationLandscapeLeft UIInterfaceOrientationLandscapeRight";
				INFOPLIST_KEY_UISupportedInterfaceOrientations_iPad = "UIInterfaceOrientationLandscapeLeft UIInterfaceOrientationLandscapeRight UIInterfaceOrientationPortraitUpsideDown";
				IPHONEOS_DEPLOYMENT_TARGET = 17.2;
				LD_RUNPATH_SEARCH_PATHS = (
					"$(inherited)",
					"@executable_path/Frameworks",
				);
				MARKETING_VERSION = 1.0;
				PRODUCT_BUNDLE_IDENTIFIER = com.gstvGameTest.AcademyGameJam;
				PRODUCT_NAME = "$(TARGET_NAME)";
				PROVISIONING_PROFILE_SPECIFIER = "";
				"PROVISIONING_PROFILE_SPECIFIER[sdk=iphoneos*]" = GabrielProvisionProfile;
				SWIFT_EMIT_LOC_STRINGS = YES;
				SWIFT_VERSION = 5.0;
				TARGETED_DEVICE_FAMILY = "1,2";
			};
			name = Debug;
		};
		7B38A1872BE5C33E00B4A99C /* Release */ = {
			isa = XCBuildConfiguration;
			buildSettings = {
				ASSETCATALOG_COMPILER_APPICON_NAME = AppIcon;
				ASSETCATALOG_COMPILER_GLOBAL_ACCENT_COLOR_NAME = AccentColor;
				CODE_SIGN_ENTITLEMENTS = AcademyGameJam/AcademyGameJam.entitlements;
				CODE_SIGN_IDENTITY = "Apple Development";
				"CODE_SIGN_IDENTITY[sdk=iphoneos*]" = "iPhone Developer";
				CODE_SIGN_STYLE = Manual;
				CURRENT_PROJECT_VERSION = 3;
				DEVELOPMENT_ASSET_PATHS = "\"AcademyGameJam/Preview Content\"";
				DEVELOPMENT_TEAM = "";
				"DEVELOPMENT_TEAM[sdk=iphoneos*]" = TPM3CS87N5;
				ENABLE_PREVIEWS = YES;
				GENERATE_INFOPLIST_FILE = YES;
				INFOPLIST_KEY_CFBundleDisplayName = FlowerHive;
				INFOPLIST_KEY_LSApplicationCategoryType = "public.app-category.adventure-games";
				INFOPLIST_KEY_UIApplicationSceneManifest_Generation = YES;
				INFOPLIST_KEY_UIApplicationSupportsIndirectInputEvents = YES;
				INFOPLIST_KEY_UILaunchScreen_Generation = YES;
				INFOPLIST_KEY_UIRequiresFullScreen = YES;
				INFOPLIST_KEY_UISupportedInterfaceOrientations = "UIInterfaceOrientationLandscapeLeft UIInterfaceOrientationLandscapeRight";
				INFOPLIST_KEY_UISupportedInterfaceOrientations_iPad = "UIInterfaceOrientationLandscapeLeft UIInterfaceOrientationLandscapeRight UIInterfaceOrientationPortraitUpsideDown";
				LD_RUNPATH_SEARCH_PATHS = (
					"$(inherited)",
					"@executable_path/Frameworks",
				);
				MARKETING_VERSION = 1.0;
				PRODUCT_BUNDLE_IDENTIFIER = com.gstvGameTest.AcademyGameJam;
				PRODUCT_NAME = "$(TARGET_NAME)";
				PROVISIONING_PROFILE_SPECIFIER = "";
				"PROVISIONING_PROFILE_SPECIFIER[sdk=iphoneos*]" = GabrielProvisionProfile;
				SWIFT_EMIT_LOC_STRINGS = YES;
				SWIFT_VERSION = 5.0;
				TARGETED_DEVICE_FAMILY = "1,2";
			};
			name = Release;
		};
/* End XCBuildConfiguration section */

/* Begin XCConfigurationList section */
		7B38A1722BE5C33D00B4A99C /* Build configuration list for PBXProject "AcademyGameJam" */ = {
			isa = XCConfigurationList;
			buildConfigurations = (
				7B38A1832BE5C33E00B4A99C /* Debug */,
				7B38A1842BE5C33E00B4A99C /* Release */,
			);
			defaultConfigurationIsVisible = 0;
			defaultConfigurationName = Release;
		};
		7B38A1852BE5C33E00B4A99C /* Build configuration list for PBXNativeTarget "AcademyGameJam" */ = {
			isa = XCConfigurationList;
			buildConfigurations = (
				7B38A1862BE5C33E00B4A99C /* Debug */,
				7B38A1872BE5C33E00B4A99C /* Release */,
			);
			defaultConfigurationIsVisible = 0;
			defaultConfigurationName = Release;
		};
/* End XCConfigurationList section */
	};
	rootObject = 7B38A16F2BE5C33D00B4A99C /* Project object */;
}
